
Microsoft Visual Studio Solution File, Format Version 12.00
# Visual Studio Version 16
VisualStudioVersion = 16.0.30517.126
MinimumVisualStudioVersion = 10.0.40219.1
Project("{FAE04EC0-301F-11D3-BF4B-00C04F79EFBC}") = "Pattern_Factory_GoFWay", "Pattern_Factory_GoFWay\Pattern_Factory_GoFWay.csproj", "{B8C6C457-50BC-4BF4-83B4-C675B7C484A4}"
EndProject
Global
	GlobalSection(SolutionConfigurationPlatforms) = preSolution
		Debug|Any CPU = Debug|Any CPU
		Release|Any CPU = Release|Any CPU
	EndGlobalSection
	GlobalSection(ProjectConfigurationPlatforms) = postSolution
		{B8C6C457-50BC-4BF4-83B4-C675B7C484A4}.Debug|Any CPU.ActiveCfg = Debug|Any CPU
		{B8C6C457-50BC-4BF4-83B4-C675B7C484A4}.Debug|Any CPU.Build.0 = Debug|Any CPU
		{B8C6C457-50BC-4BF4-83B4-C675B7C484A4}.Release|Any CPU.ActiveCfg = Release|Any CPU
		{B8C6C457-50BC-4BF4-83B4-C675B7C484A4}.Release|Any CPU.Build.0 = Release|Any CPU
	EndGlobalSection
	GlobalSection(SolutionProperties) = preSolution
		HideSolutionNode = FALSE
	EndGlobalSection
	GlobalSection(ExtensibilityGlobals) = postSolution
		SolutionGuid = {2F6158E2-FBE4-4B0D-8627-E4172280DB12}
	EndGlobalSection
EndGlobal
