
Microsoft Visual Studio Solution File, Format Version 12.00
# Visual Studio Version 16
VisualStudioVersion = 16.0.30517.126
MinimumVisualStudioVersion = 10.0.40219.1
Project("{FAE04EC0-301F-11D3-BF4B-00C04F79EFBC}") = "Pattern_UnitOfWork", "Pattern_UnitOfWork\Pattern_UnitOfWork.csproj", "{77ADC107-CD85-4961-BD76-53E8147EE25F}"
EndProject
Global
	GlobalSection(SolutionConfigurationPlatforms) = preSolution
		Debug|Any CPU = Debug|Any CPU
		Release|Any CPU = Release|Any CPU
	EndGlobalSection
	GlobalSection(ProjectConfigurationPlatforms) = postSolution
		{77ADC107-CD85-4961-BD76-53E8147EE25F}.Debug|Any CPU.ActiveCfg = Debug|Any CPU
		{77ADC107-CD85-4961-BD76-53E8147EE25F}.Debug|Any CPU.Build.0 = Debug|Any CPU
		{77ADC107-CD85-4961-BD76-53E8147EE25F}.Release|Any CPU.ActiveCfg = Release|Any CPU
		{77ADC107-CD85-4961-BD76-53E8147EE25F}.Release|Any CPU.Build.0 = Release|Any CPU
	EndGlobalSection
	GlobalSection(SolutionProperties) = preSolution
		HideSolutionNode = FALSE
	EndGlobalSection
	GlobalSection(ExtensibilityGlobals) = postSolution
		SolutionGuid = {0660085D-0D72-4D0E-B043-31644E0A8995}
	EndGlobalSection
EndGlobal
