
Microsoft Visual Studio Solution File, Format Version 12.00
# Visual Studio Version 16
VisualStudioVersion = 16.0.30517.126
MinimumVisualStudioVersion = 10.0.40219.1
Project("{FAE04EC0-301F-11D3-BF4B-00C04F79EFBC}") = "Pattern_Iterador", "Pattern_Iterador\Pattern_Iterador.csproj", "{455DF5A4-242E-451F-8B59-91E54CAC921D}"
EndProject
Global
	GlobalSection(SolutionConfigurationPlatforms) = preSolution
		Debug|Any CPU = Debug|Any CPU
		Release|Any CPU = Release|Any CPU
	EndGlobalSection
	GlobalSection(ProjectConfigurationPlatforms) = postSolution
		{455DF5A4-242E-451F-8B59-91E54CAC921D}.Debug|Any CPU.ActiveCfg = Debug|Any CPU
		{455DF5A4-242E-451F-8B59-91E54CAC921D}.Debug|Any CPU.Build.0 = Debug|Any CPU
		{455DF5A4-242E-451F-8B59-91E54CAC921D}.Release|Any CPU.ActiveCfg = Release|Any CPU
		{455DF5A4-242E-451F-8B59-91E54CAC921D}.Release|Any CPU.Build.0 = Release|Any CPU
	EndGlobalSection
	GlobalSection(SolutionProperties) = preSolution
		HideSolutionNode = FALSE
	EndGlobalSection
	GlobalSection(ExtensibilityGlobals) = postSolution
		SolutionGuid = {421BB450-CEA7-4EF2-AD7C-36DBE013DB81}
	EndGlobalSection
EndGlobal
