
Microsoft Visual Studio Solution File, Format Version 12.00
# Visual Studio Version 16
VisualStudioVersion = 16.0.30517.126
MinimumVisualStudioVersion = 10.0.40219.1
Project("{FAE04EC0-301F-11D3-BF4B-00C04F79EFBC}") = "Pattern_AdapterObje", "Pattern_AdapterObje\Pattern_AdapterObje.csproj", "{0E881037-7D19-4CA3-8163-728249B115DD}"
EndProject
Global
	GlobalSection(SolutionConfigurationPlatforms) = preSolution
		Debug|Any CPU = Debug|Any CPU
		Release|Any CPU = Release|Any CPU
	EndGlobalSection
	GlobalSection(ProjectConfigurationPlatforms) = postSolution
		{0E881037-7D19-4CA3-8163-728249B115DD}.Debug|Any CPU.ActiveCfg = Debug|Any CPU
		{0E881037-7D19-4CA3-8163-728249B115DD}.Debug|Any CPU.Build.0 = Debug|Any CPU
		{0E881037-7D19-4CA3-8163-728249B115DD}.Release|Any CPU.ActiveCfg = Release|Any CPU
		{0E881037-7D19-4CA3-8163-728249B115DD}.Release|Any CPU.Build.0 = Release|Any CPU
	EndGlobalSection
	GlobalSection(SolutionProperties) = preSolution
		HideSolutionNode = FALSE
	EndGlobalSection
	GlobalSection(ExtensibilityGlobals) = postSolution
		SolutionGuid = {D0C0A925-0DE2-4D83-A688-9D8D8B04A4C8}
	EndGlobalSection
EndGlobal
