
Microsoft Visual Studio Solution File, Format Version 12.00
# Visual Studio Version 16
VisualStudioVersion = 16.0.30011.22
MinimumVisualStudioVersion = 10.0.40219.1
Project("{FAE04EC0-301F-11D3-BF4B-00C04F79EFBC}") = "Pattern_Mediator", "Pattern_Mediator\Pattern_Mediator.csproj", "{C79B5E62-3D36-4BBF-8D82-3C0AB08C198C}"
EndProject
Global
	GlobalSection(SolutionConfigurationPlatforms) = preSolution
		Debug|Any CPU = Debug|Any CPU
		Release|Any CPU = Release|Any CPU
	EndGlobalSection
	GlobalSection(ProjectConfigurationPlatforms) = postSolution
		{C79B5E62-3D36-4BBF-8D82-3C0AB08C198C}.Debug|Any CPU.ActiveCfg = Debug|Any CPU
		{C79B5E62-3D36-4BBF-8D82-3C0AB08C198C}.Debug|Any CPU.Build.0 = Debug|Any CPU
		{C79B5E62-3D36-4BBF-8D82-3C0AB08C198C}.Release|Any CPU.ActiveCfg = Release|Any CPU
		{C79B5E62-3D36-4BBF-8D82-3C0AB08C198C}.Release|Any CPU.Build.0 = Release|Any CPU
	EndGlobalSection
	GlobalSection(SolutionProperties) = preSolution
		HideSolutionNode = FALSE
	EndGlobalSection
	GlobalSection(ExtensibilityGlobals) = postSolution
		SolutionGuid = {C07B0484-55CA-43FB-A320-99BCC694D650}
	EndGlobalSection
EndGlobal
