
Microsoft Visual Studio Solution File, Format Version 12.00
# Visual Studio Version 16
VisualStudioVersion = 16.0.30517.126
MinimumVisualStudioVersion = 10.0.40219.1
Project("{FAE04EC0-301F-11D3-BF4B-00C04F79EFBC}") = "Pattern_Facade", "Pattern_Facade\Pattern_Facade.csproj", "{52356F16-6AA5-4E98-8710-84932B229634}"
EndProject
Global
	GlobalSection(SolutionConfigurationPlatforms) = preSolution
		Debug|Any CPU = Debug|Any CPU
		Release|Any CPU = Release|Any CPU
	EndGlobalSection
	GlobalSection(ProjectConfigurationPlatforms) = postSolution
		{52356F16-6AA5-4E98-8710-84932B229634}.Debug|Any CPU.ActiveCfg = Debug|Any CPU
		{52356F16-6AA5-4E98-8710-84932B229634}.Debug|Any CPU.Build.0 = Debug|Any CPU
		{52356F16-6AA5-4E98-8710-84932B229634}.Release|Any CPU.ActiveCfg = Release|Any CPU
		{52356F16-6AA5-4E98-8710-84932B229634}.Release|Any CPU.Build.0 = Release|Any CPU
	EndGlobalSection
	GlobalSection(SolutionProperties) = preSolution
		HideSolutionNode = FALSE
	EndGlobalSection
	GlobalSection(ExtensibilityGlobals) = postSolution
		SolutionGuid = {EC353AB7-00D4-480F-933A-B799681CB2AB}
	EndGlobalSection
EndGlobal
