
Microsoft Visual Studio Solution File, Format Version 12.00
# Visual Studio Version 16
VisualStudioVersion = 16.0.30011.22
MinimumVisualStudioVersion = 10.0.40219.1
Project("{FAE04EC0-301F-11D3-BF4B-00C04F79EFBC}") = "Pattern_Singleton", "Pattern_Singleton\Pattern_Singleton.csproj", "{388B0743-E85D-460E-B539-CEFAE986A7D6}"
EndProject
Global
	GlobalSection(SolutionConfigurationPlatforms) = preSolution
		Debug|Any CPU = Debug|Any CPU
		Release|Any CPU = Release|Any CPU
	EndGlobalSection
	GlobalSection(ProjectConfigurationPlatforms) = postSolution
		{388B0743-E85D-460E-B539-CEFAE986A7D6}.Debug|Any CPU.ActiveCfg = Debug|Any CPU
		{388B0743-E85D-460E-B539-CEFAE986A7D6}.Debug|Any CPU.Build.0 = Debug|Any CPU
		{388B0743-E85D-460E-B539-CEFAE986A7D6}.Release|Any CPU.ActiveCfg = Release|Any CPU
		{388B0743-E85D-460E-B539-CEFAE986A7D6}.Release|Any CPU.Build.0 = Release|Any CPU
	EndGlobalSection
	GlobalSection(SolutionProperties) = preSolution
		HideSolutionNode = FALSE
	EndGlobalSection
	GlobalSection(ExtensibilityGlobals) = postSolution
		SolutionGuid = {E522EB74-015C-49D7-9671-A76C67E40487}
	EndGlobalSection
EndGlobal
