
Microsoft Visual Studio Solution File, Format Version 12.00
# Visual Studio Version 16
VisualStudioVersion = 16.0.30517.126
MinimumVisualStudioVersion = 10.0.40219.1
Project("{FAE04EC0-301F-11D3-BF4B-00C04F79EFBC}") = "Pattern_Prototype", "Pattern_Prototype\Pattern_Prototype.csproj", "{A44C5DDB-4EAE-4DE5-B4DD-C2D65F57249E}"
EndProject
Global
	GlobalSection(SolutionConfigurationPlatforms) = preSolution
		Debug|Any CPU = Debug|Any CPU
		Release|Any CPU = Release|Any CPU
	EndGlobalSection
	GlobalSection(ProjectConfigurationPlatforms) = postSolution
		{A44C5DDB-4EAE-4DE5-B4DD-C2D65F57249E}.Debug|Any CPU.ActiveCfg = Debug|Any CPU
		{A44C5DDB-4EAE-4DE5-B4DD-C2D65F57249E}.Debug|Any CPU.Build.0 = Debug|Any CPU
		{A44C5DDB-4EAE-4DE5-B4DD-C2D65F57249E}.Release|Any CPU.ActiveCfg = Release|Any CPU
		{A44C5DDB-4EAE-4DE5-B4DD-C2D65F57249E}.Release|Any CPU.Build.0 = Release|Any CPU
	EndGlobalSection
	GlobalSection(SolutionProperties) = preSolution
		HideSolutionNode = FALSE
	EndGlobalSection
	GlobalSection(ExtensibilityGlobals) = postSolution
		SolutionGuid = {465013F5-9389-4029-925F-69EA5FC972CF}
	EndGlobalSection
EndGlobal
