
Microsoft Visual Studio Solution File, Format Version 12.00
# Visual Studio Version 16
VisualStudioVersion = 16.0.30517.126
MinimumVisualStudioVersion = 10.0.40219.1
Project("{FAE04EC0-301F-11D3-BF4B-00C04F79EFBC}") = "Patterns_Sigletonthread", "Patterns_Sigletonthread\Patterns_Sigletonthread.csproj", "{73BE72ED-DF2D-4C30-9A00-E46A710D773E}"
EndProject
Global
	GlobalSection(SolutionConfigurationPlatforms) = preSolution
		Debug|Any CPU = Debug|Any CPU
		Release|Any CPU = Release|Any CPU
	EndGlobalSection
	GlobalSection(ProjectConfigurationPlatforms) = postSolution
		{73BE72ED-DF2D-4C30-9A00-E46A710D773E}.Debug|Any CPU.ActiveCfg = Debug|Any CPU
		{73BE72ED-DF2D-4C30-9A00-E46A710D773E}.Debug|Any CPU.Build.0 = Debug|Any CPU
		{73BE72ED-DF2D-4C30-9A00-E46A710D773E}.Release|Any CPU.ActiveCfg = Release|Any CPU
		{73BE72ED-DF2D-4C30-9A00-E46A710D773E}.Release|Any CPU.Build.0 = Release|Any CPU
	EndGlobalSection
	GlobalSection(SolutionProperties) = preSolution
		HideSolutionNode = FALSE
	EndGlobalSection
	GlobalSection(ExtensibilityGlobals) = postSolution
		SolutionGuid = {B2023932-C57F-44CD-99EC-7D3ACB56A685}
	EndGlobalSection
EndGlobal
