
Microsoft Visual Studio Solution File, Format Version 12.00
# Visual Studio Version 16
VisualStudioVersion = 16.0.30517.126
MinimumVisualStudioVersion = 10.0.40219.1
Project("{FAE04EC0-301F-11D3-BF4B-00C04F79EFBC}") = "Pattern_Repository", "Pattern_Repository\Pattern_Repository.csproj", "{DA57BDE0-7C7E-4C17-A1C7-D55F8A054D57}"
EndProject
Global
	GlobalSection(SolutionConfigurationPlatforms) = preSolution
		Debug|Any CPU = Debug|Any CPU
		Release|Any CPU = Release|Any CPU
	EndGlobalSection
	GlobalSection(ProjectConfigurationPlatforms) = postSolution
		{DA57BDE0-7C7E-4C17-A1C7-D55F8A054D57}.Debug|Any CPU.ActiveCfg = Debug|Any CPU
		{DA57BDE0-7C7E-4C17-A1C7-D55F8A054D57}.Debug|Any CPU.Build.0 = Debug|Any CPU
		{DA57BDE0-7C7E-4C17-A1C7-D55F8A054D57}.Release|Any CPU.ActiveCfg = Release|Any CPU
		{DA57BDE0-7C7E-4C17-A1C7-D55F8A054D57}.Release|Any CPU.Build.0 = Release|Any CPU
	EndGlobalSection
	GlobalSection(SolutionProperties) = preSolution
		HideSolutionNode = FALSE
	EndGlobalSection
	GlobalSection(ExtensibilityGlobals) = postSolution
		SolutionGuid = {4B9B7DE4-ACE1-4786-8C3D-28E25A7139D6}
	EndGlobalSection
EndGlobal
