
Microsoft Visual Studio Solution File, Format Version 12.00
# Visual Studio Version 16
VisualStudioVersion = 16.0.30517.126
MinimumVisualStudioVersion = 10.0.40219.1
Project("{FAE04EC0-301F-11D3-BF4B-00C04F79EFBC}") = "Pattern_Strategy", "Pattern_Strategy\Pattern_Strategy.csproj", "{9AC1FAC7-72BD-4128-800F-F0DB54267440}"
EndProject
Global
	GlobalSection(SolutionConfigurationPlatforms) = preSolution
		Debug|Any CPU = Debug|Any CPU
		Release|Any CPU = Release|Any CPU
	EndGlobalSection
	GlobalSection(ProjectConfigurationPlatforms) = postSolution
		{9AC1FAC7-72BD-4128-800F-F0DB54267440}.Debug|Any CPU.ActiveCfg = Debug|Any CPU
		{9AC1FAC7-72BD-4128-800F-F0DB54267440}.Debug|Any CPU.Build.0 = Debug|Any CPU
		{9AC1FAC7-72BD-4128-800F-F0DB54267440}.Release|Any CPU.ActiveCfg = Release|Any CPU
		{9AC1FAC7-72BD-4128-800F-F0DB54267440}.Release|Any CPU.Build.0 = Release|Any CPU
	EndGlobalSection
	GlobalSection(SolutionProperties) = preSolution
		HideSolutionNode = FALSE
	EndGlobalSection
	GlobalSection(ExtensibilityGlobals) = postSolution
		SolutionGuid = {39828BFA-D435-400B-A0A1-0090C68DDEBA}
	EndGlobalSection
EndGlobal
